
Microsoft Visual Studio Solution File, Format Version 12.00
# Visual Studio Version 17
VisualStudioVersion = 17.5.33424.131
MinimumVisualStudioVersion = 10.0.40219.1
Project("{2150E333-8FDC-42A3-9474-1A3956D46DE8}") = "Client", "Client", "{35B2D222-EE85-4315-A3A0-34108EC8C323}"
EndProject
Project("{2150E333-8FDC-42A3-9474-1A3956D46DE8}") = "Server", "Server", "{749F55F8-F183-42B9-8085-482323716EB5}"
EndProject
Project("{2150E333-8FDC-42A3-9474-1A3956D46DE8}") = "Common", "Common", "{161476D2-6E41-4DCB-903D-49A97E424C5F}"
EndProject
Project("{2150E333-8FDC-42A3-9474-1A3956D46DE8}") = "Domain", "Domain", "{78C6A79F-ED75-432A-9819-B84086115941}"
EndProject
Project("{2150E333-8FDC-42A3-9474-1A3956D46DE8}") = "Common", "Common", "{DFBC41AA-4F12-469C-B5A4-620DF39FBC9B}"
EndProject
Project("{9A19103F-16F7-4668-BE54-9A1E7A4F7556}") = "CRS.Pms.Server.DBContext", "Server\Common\CRS.Pms.Server.DBContext\CRS.Pms.Server.DBContext.csproj", "{57965F8E-C7C5-490D-B588-711BB4AC3765}"
EndProject
Project("{2150E333-8FDC-42A3-9474-1A3956D46DE8}") = "User", "User", "{E92546CB-FFC4-4D60-803B-F75D823A1CA6}"
EndProject
Project("{9A19103F-16F7-4668-BE54-9A1E7A4F7556}") = "CRS.Pms.Server.Domain.User", "Server\Domain\User\CRS.Pms.Server.Domain.User\CRS.Pms.Server.Domain.User.csproj", "{279A7356-2525-4FB2-9AEB-B61298065CD0}"
EndProject
Project("{9A19103F-16F7-4668-BE54-9A1E7A4F7556}") = "CRS.Pms.Common.Dto", "Common\CRS.Pms.Common.Dto\CRS.Pms.Common.Dto.csproj", "{B8564723-75BB-46B3-B403-0D95FDE9D1F6}"
EndProject
Project("{9A19103F-16F7-4668-BE54-9A1E7A4F7556}") = "CRS.Pms.Server.Repository", "Server\Common\CRS.Pms.Server.Repository\CRS.Pms.Server.Repository.csproj", "{C760D6DA-E7B9-4413-8F3F-407712CCA033}"
EndProject
Project("{9A19103F-16F7-4668-BE54-9A1E7A4F7556}") = "CRS.Pms.Server.Bussiness", "Server\Common\CRS.Pms.Server.Bussiness\CRS.Pms.Server.Bussiness.csproj", "{40A8D6B8-FBCB-431A-ADCE-B6DACE3BDA8B}"
EndProject
Project("{9A19103F-16F7-4668-BE54-9A1E7A4F7556}") = "CRS.Pms.Server.Mapper", "Server\Common\CRS.Pms.Server.Mapper\CRS.Pms.Server.Mapper.csproj", "{17E7EA62-4C9F-410C-8CC3-99ED16A78A1C}"
EndProject
Project("{2150E333-8FDC-42A3-9474-1A3956D46DE8}") = "WPF", "WPF", "{C00EDD22-38C6-4E86-99D2-C4CE546E7E55}"
EndProject
Project("{9A19103F-16F7-4668-BE54-9A1E7A4F7556}") = "CRS.Pms.Client.WPF.View", "Client\WPF\CRS.Pms.Client.WPF.View\CRS.Pms.Client.WPF.View.csproj", "{C9F243FE-1A9A-45CE-B736-377B0CE07461}"
EndProject
Project("{2150E333-8FDC-42A3-9474-1A3956D46DE8}") = "Product", "Product", "{DDEC1A94-F5AB-419C-A5EB-F2AC8224EA15}"
EndProject
Project("{FAE04EC0-301F-11D3-BF4B-00C04F79EFBC}") = "CRS.Pms.Server.Domain.Product", "Server\Domain\Product\CRS.Pms.Server.Domain.Product\CRS.Pms.Server.Domain.Product.csproj", "{6E487A2D-BE61-437D-817E-F3AFE03C9B15}"
EndProject
Global
	GlobalSection(SolutionConfigurationPlatforms) = preSolution
		Debug|Any CPU = Debug|Any CPU
		Release|Any CPU = Release|Any CPU
	EndGlobalSection
	GlobalSection(ProjectConfigurationPlatforms) = postSolution
		{57965F8E-C7C5-490D-B588-711BB4AC3765}.Debug|Any CPU.ActiveCfg = Debug|Any CPU
		{57965F8E-C7C5-490D-B588-711BB4AC3765}.Debug|Any CPU.Build.0 = Debug|Any CPU
		{57965F8E-C7C5-490D-B588-711BB4AC3765}.Release|Any CPU.ActiveCfg = Release|Any CPU
		{57965F8E-C7C5-490D-B588-711BB4AC3765}.Release|Any CPU.Build.0 = Release|Any CPU
		{279A7356-2525-4FB2-9AEB-B61298065CD0}.Debug|Any CPU.ActiveCfg = Debug|Any CPU
		{279A7356-2525-4FB2-9AEB-B61298065CD0}.Debug|Any CPU.Build.0 = Debug|Any CPU
		{279A7356-2525-4FB2-9AEB-B61298065CD0}.Release|Any CPU.ActiveCfg = Release|Any CPU
		{279A7356-2525-4FB2-9AEB-B61298065CD0}.Release|Any CPU.Build.0 = Release|Any CPU
		{B8564723-75BB-46B3-B403-0D95FDE9D1F6}.Debug|Any CPU.ActiveCfg = Debug|Any CPU
		{B8564723-75BB-46B3-B403-0D95FDE9D1F6}.Debug|Any CPU.Build.0 = Debug|Any CPU
		{B8564723-75BB-46B3-B403-0D95FDE9D1F6}.Release|Any CPU.ActiveCfg = Release|Any CPU
		{B8564723-75BB-46B3-B403-0D95FDE9D1F6}.Release|Any CPU.Build.0 = Release|Any CPU
		{C760D6DA-E7B9-4413-8F3F-407712CCA033}.Debug|Any CPU.ActiveCfg = Debug|Any CPU
		{C760D6DA-E7B9-4413-8F3F-407712CCA033}.Debug|Any CPU.Build.0 = Debug|Any CPU
		{C760D6DA-E7B9-4413-8F3F-407712CCA033}.Release|Any CPU.ActiveCfg = Release|Any CPU
		{C760D6DA-E7B9-4413-8F3F-407712CCA033}.Release|Any CPU.Build.0 = Release|Any CPU
		{40A8D6B8-FBCB-431A-ADCE-B6DACE3BDA8B}.Debug|Any CPU.ActiveCfg = Debug|Any CPU
		{40A8D6B8-FBCB-431A-ADCE-B6DACE3BDA8B}.Debug|Any CPU.Build.0 = Debug|Any CPU
		{40A8D6B8-FBCB-431A-ADCE-B6DACE3BDA8B}.Release|Any CPU.ActiveCfg = Release|Any CPU
		{40A8D6B8-FBCB-431A-ADCE-B6DACE3BDA8B}.Release|Any CPU.Build.0 = Release|Any CPU
		{17E7EA62-4C9F-410C-8CC3-99ED16A78A1C}.Debug|Any CPU.ActiveCfg = Debug|Any CPU
		{17E7EA62-4C9F-410C-8CC3-99ED16A78A1C}.Debug|Any CPU.Build.0 = Debug|Any CPU
		{17E7EA62-4C9F-410C-8CC3-99ED16A78A1C}.Release|Any CPU.ActiveCfg = Release|Any CPU
		{17E7EA62-4C9F-410C-8CC3-99ED16A78A1C}.Release|Any CPU.Build.0 = Release|Any CPU
		{C9F243FE-1A9A-45CE-B736-377B0CE07461}.Debug|Any CPU.ActiveCfg = Debug|Any CPU
		{C9F243FE-1A9A-45CE-B736-377B0CE07461}.Debug|Any CPU.Build.0 = Debug|Any CPU
		{C9F243FE-1A9A-45CE-B736-377B0CE07461}.Release|Any CPU.ActiveCfg = Release|Any CPU
		{C9F243FE-1A9A-45CE-B736-377B0CE07461}.Release|Any CPU.Build.0 = Release|Any CPU
		{6E487A2D-BE61-437D-817E-F3AFE03C9B15}.Debug|Any CPU.ActiveCfg = Debug|Any CPU
		{6E487A2D-BE61-437D-817E-F3AFE03C9B15}.Debug|Any CPU.Build.0 = Debug|Any CPU
		{6E487A2D-BE61-437D-817E-F3AFE03C9B15}.Release|Any CPU.ActiveCfg = Release|Any CPU
		{6E487A2D-BE61-437D-817E-F3AFE03C9B15}.Release|Any CPU.Build.0 = Release|Any CPU
	EndGlobalSection
	GlobalSection(SolutionProperties) = preSolution
		HideSolutionNode = FALSE
	EndGlobalSection
	GlobalSection(NestedProjects) = preSolution
		{78C6A79F-ED75-432A-9819-B84086115941} = {749F55F8-F183-42B9-8085-482323716EB5}
		{DFBC41AA-4F12-469C-B5A4-620DF39FBC9B} = {749F55F8-F183-42B9-8085-482323716EB5}
		{57965F8E-C7C5-490D-B588-711BB4AC3765} = {DFBC41AA-4F12-469C-B5A4-620DF39FBC9B}
		{E92546CB-FFC4-4D60-803B-F75D823A1CA6} = {78C6A79F-ED75-432A-9819-B84086115941}
		{279A7356-2525-4FB2-9AEB-B61298065CD0} = {E92546CB-FFC4-4D60-803B-F75D823A1CA6}
		{B8564723-75BB-46B3-B403-0D95FDE9D1F6} = {161476D2-6E41-4DCB-903D-49A97E424C5F}
		{C760D6DA-E7B9-4413-8F3F-407712CCA033} = {DFBC41AA-4F12-469C-B5A4-620DF39FBC9B}
		{40A8D6B8-FBCB-431A-ADCE-B6DACE3BDA8B} = {DFBC41AA-4F12-469C-B5A4-620DF39FBC9B}
		{17E7EA62-4C9F-410C-8CC3-99ED16A78A1C} = {DFBC41AA-4F12-469C-B5A4-620DF39FBC9B}
		{C00EDD22-38C6-4E86-99D2-C4CE546E7E55} = {35B2D222-EE85-4315-A3A0-34108EC8C323}
		{C9F243FE-1A9A-45CE-B736-377B0CE07461} = {C00EDD22-38C6-4E86-99D2-C4CE546E7E55}
		{DDEC1A94-F5AB-419C-A5EB-F2AC8224EA15} = {78C6A79F-ED75-432A-9819-B84086115941}
		{6E487A2D-BE61-437D-817E-F3AFE03C9B15} = {DDEC1A94-F5AB-419C-A5EB-F2AC8224EA15}
	EndGlobalSection
	GlobalSection(ExtensibilityGlobals) = postSolution
		SolutionGuid = {AE0A4204-7EDA-4826-8AF3-FAED1D4E3DD4}
	EndGlobalSection
EndGlobal
